
Microsoft Visual Studio Solution File, Format Version 12.00
Project("{FAE04EC0-301F-11D3-BF4B-00C04F79EFBC}") = "project", "project\project.csproj", "{A80A2183-C93D-4698-9ACD-6176E57D258D}"
EndProject
Global
	GlobalSection(SolutionConfigurationPlatforms) = preSolution
		Debug|Any CPU = Debug|Any CPU
		Release|Any CPU = Release|Any CPU
	EndGlobalSection
	GlobalSection(ProjectConfigurationPlatforms) = postSolution
		{A80A2183-C93D-4698-9ACD-6176E57D258D}.Debug|Any CPU.ActiveCfg = Debug|Any CPU
		{A80A2183-C93D-4698-9ACD-6176E57D258D}.Debug|Any CPU.Build.0 = Debug|Any CPU
		{A80A2183-C93D-4698-9ACD-6176E57D258D}.Release|Any CPU.ActiveCfg = Release|Any CPU
		{A80A2183-C93D-4698-9ACD-6176E57D258D}.Release|Any CPU.Build.0 = Release|Any CPU
	EndGlobalSection
EndGlobal
